// !$*UTF8*$!
{
	archiveVersion = 1;
	classes = {
	};
	objectVersion = 55;
	objects = {

/* Begin PBXBuildFile section */
		3EE8C574271A0AA300DFBB7E /* UIBuildingTestingApp.swift in Sources */ = {isa = PBXBuildFile; fileRef = 3EE8C573271A0AA300DFBB7E /* UIBuildingTestingApp.swift */; };
		3EE8C576271A0AA300DFBB7E /* ContentView.swift in Sources */ = {isa = PBXBuildFile; fileRef = 3EE8C575271A0AA300DFBB7E /* ContentView.swift */; };
		3EE8C578271A0AA800DFBB7E /* Assets.xcassets in Resources */ = {isa = PBXBuildFile; fileRef = 3EE8C577271A0AA800DFBB7E /* Assets.xcassets */; };
		3EE8C57B271A0AA800DFBB7E /* Preview Assets.xcassets in Resources */ = {isa = PBXBuildFile; fileRef = 3EE8C57A271A0AA800DFBB7E /* Preview Assets.xcassets */; };
		3EE8C586271A0B2600DFBB7E /* Home.swift in Sources */ = {isa = PBXBuildFile; fileRef = 3EE8C585271A0B2600DFBB7E /* Home.swift */; };
		3EE8C588271A111700DFBB7E /* Story.swift in Sources */ = {isa = PBXBuildFile; fileRef = 3EE8C587271A111700DFBB7E /* Story.swift */; };
		3EE8C58B271A165B00DFBB7E /* BlurView.swift in Sources */ = {isa = PBXBuildFile; fileRef = 3EE8C58A271A165B00DFBB7E /* BlurView.swift */; };
/* End PBXBuildFile section */

/* Begin PBXFileReference section */
		3EE8C570271A0AA300DFBB7E /* UIBuildingTesting.app */ = {isa = PBXFileReference; explicitFileType = wrapper.application; includeInIndex = 0; path = UIBuildingTesting.app; sourceTree = BUILT_PRODUCTS_DIR; };
		3EE8C573271A0AA300DFBB7E /* UIBuildingTestingApp.swift */ = {isa = PBXFileReference; lastKnownFileType = sourcecode.swift; path = UIBuildingTestingApp.swift; sourceTree = "<group>"; };
		3EE8C575271A0AA300DFBB7E /* ContentView.swift */ = {isa = PBXFileReference; lastKnownFileType = sourcecode.swift; path = ContentView.swift; sourceTree = "<group>"; };
		3EE8C577271A0AA800DFBB7E /* Assets.xcassets */ = {isa = PBXFileReference; lastKnownFileType = folder.assetcatalog; path = Assets.xcassets; sourceTree = "<group>"; };
		3EE8C57A271A0AA800DFBB7E /* Preview Assets.xcassets */ = {isa = PBXFileReference; lastKnownFileType = folder.assetcatalog; path = "Preview Assets.xcassets"; sourceTree = "<group>"; };
		3EE8C585271A0B2600DFBB7E /* Home.swift */ = {isa = PBXFileReference; lastKnownFileType = sourcecode.swift; path = Home.swift; sourceTree = "<group>"; };
		3EE8C587271A111700DFBB7E /* Story.swift */ = {isa = PBXFileReference; lastKnownFileType = sourcecode.swift; path = Story.swift; sourceTree = "<group>"; };
		3EE8C58A271A165B00DFBB7E /* BlurView.swift */ = {isa = PBXFileReference; lastKnownFileType = sourcecode.swift; path = BlurView.swift; sourceTree = "<group>"; };
/* End PBXFileReference section */

/* Begin PBXFrameworksBuildPhase section */
		3EE8C56D271A0AA300DFBB7E /* Frameworks */ = {
			isa = PBXFrameworksBuildPhase;
			buildActionMask = 2147483647;
			files = (
			);
			runOnlyForDeploymentPostprocessing = 0;
		};
/* End PBXFrameworksBuildPhase section */

/* Begin PBXGroup section */
		3EE8C567271A0AA300DFBB7E = {
			isa = PBXGroup;
			children = (
				3EE8C572271A0AA300DFBB7E /* UIBuildingTesting */,
				3EE8C571271A0AA300DFBB7E /* Products */,
			);
			sourceTree = "<group>";
		};
		3EE8C571271A0AA300DFBB7E /* Products */ = {
			isa = PBXGroup;
			children = (
				3EE8C570271A0AA300DFBB7E /* UIBuildingTesting.app */,
			);
			name = Products;
			sourceTree = "<group>";
		};
		3EE8C572271A0AA300DFBB7E /* UIBuildingTesting */ = {
			isa = PBXGroup;
			children = (
				3EE8C581271A0AE900DFBB7E /* Model */,
				3EE8C582271A0AEC00DFBB7E /* View */,
				3EE8C573271A0AA300DFBB7E /* UIBuildingTestingApp.swift */,
				3EE8C575271A0AA300DFBB7E /* ContentView.swift */,
				3EE8C577271A0AA800DFBB7E /* Assets.xcassets */,
				3EE8C579271A0AA800DFBB7E /* Preview Content */,
			);
			path = UIBuildingTesting;
			sourceTree = "<group>";
		};
		3EE8C579271A0AA800DFBB7E /* Preview Content */ = {
			isa = PBXGroup;
			children = (
				3EE8C57A271A0AA800DFBB7E /* Preview Assets.xcassets */,
			);
			path = "Preview Content";
			sourceTree = "<group>";
		};
		3EE8C581271A0AE900DFBB7E /* Model */ = {
			isa = PBXGroup;
			children = (
				3EE8C587271A111700DFBB7E /* Story.swift */,
			);
			path = Model;
			sourceTree = "<group>";
		};
		3EE8C582271A0AEC00DFBB7E /* View */ = {
			isa = PBXGroup;
			children = (
				3EE8C585271A0B2600DFBB7E /* Home.swift */,
				3EE8C58A271A165B00DFBB7E /* BlurView.swift */,
			);
			path = View;
			sourceTree = "<group>";
		};
/* End PBXGroup section */

/* Begin PBXNativeTarget section */
		3EE8C56F271A0AA300DFBB7E /* UIBuildingTesting */ = {
			isa = PBXNativeTarget;
			buildConfigurationList = 3EE8C57E271A0AA800DFBB7E /* Build configuration list for PBXNativeTarget "UIBuildingTesting" */;
			buildPhases = (
				3EE8C56C271A0AA300DFBB7E /* Sources */,
				3EE8C56D271A0AA300DFBB7E /* Frameworks */,
				3EE8C56E271A0AA300DFBB7E /* Resources */,
			);
			buildRules = (
			);
			dependencies = (
			);
			name = UIBuildingTesting;
			productName = UIBuildingTesting;
			productReference = 3EE8C570271A0AA300DFBB7E /* UIBuildingTesting.app */;
			productType = "com.apple.product-type.application";
		};
/* End PBXNativeTarget section */

/* Begin PBXProject section */
		3EE8C568271A0AA300DFBB7E /* Project object */ = {
			isa = PBXProject;
			attributes = {
				BuildIndependentTargetsInParallel = 1;
				LastSwiftUpdateCheck = 1300;
				LastUpgradeCheck = 1300;
				TargetAttributes = {
					3EE8C56F271A0AA300DFBB7E = {
						CreatedOnToolsVersion = 13.0;
					};
				};
			};
			buildConfigurationList = 3EE8C56B271A0AA300DFBB7E /* Build configuration list for PBXProject "UIBuildingTesting" */;
			compatibilityVersion = "Xcode 13.0";
			developmentRegion = en;
			hasScannedForEncodings = 0;
			knownRegions = (
				en,
				Base,
			);
			mainGroup = 3EE8C567271A0AA300DFBB7E;
			productRefGroup = 3EE8C571271A0AA300DFBB7E /* Products */;
			projectDirPath = "";
			projectRoot = "";
			targets = (
				3EE8C56F271A0AA300DFBB7E /* UIBuildingTesting */,
			);
		};
/* End PBXProject section */

/* Begin PBXResourcesBuildPhase section */
		3EE8C56E271A0AA300DFBB7E /* Resources */ = {
			isa = PBXResourcesBuildPhase;
			buildActionMask = 2147483647;
			files = (
				3EE8C57B271A0AA800DFBB7E /* Preview Assets.xcassets in Resources */,
				3EE8C578271A0AA800DFBB7E /* Assets.xcassets in Resources */,
			);
			runOnlyForDeploymentPostprocessing = 0;
		};
/* End PBXResourcesBuildPhase section */

/* Begin PBXSourcesBuildPhase section */
		3EE8C56C271A0AA300DFBB7E /* Sources */ = {
			isa = PBXSourcesBuildPhase;
			buildActionMask = 2147483647;
			files = (
				3EE8C576271A0AA300DFBB7E /* ContentView.swift in Sources */,
				3EE8C586271A0B2600DFBB7E /* Home.swift in Sources */,
				3EE8C58B271A165B00DFBB7E /* BlurView.swift in Sources */,
				3EE8C574271A0AA300DFBB7E /* UIBuildingTestingApp.swift in Sources */,
				3EE8C588271A111700DFBB7E /* Story.swift in Sources */,
			);
			runOnlyForDeploymentPostprocessing = 0;
		};
/* End PBXSourcesBuildPhase section */

/* Begin XCBuildConfiguration section */
		3EE8C57C271A0AA800DFBB7E /* Debug */ = {
			isa = XCBuildConfiguration;
			buildSettings = {
				ALWAYS_SEARCH_USER_PATHS = NO;
				CLANG_ANALYZER_NONNULL = YES;
				CLANG_ANALYZER_NUMBER_OBJECT_CONVERSION = YES_AGGRESSIVE;
				CLANG_CXX_LANGUAGE_STANDARD = "gnu++17";
				CLANG_CXX_LIBRARY = "libc++";
				CLANG_ENABLE_MODULES = YES;
				CLANG_ENABLE_OBJC_ARC = YES;
				CLANG_ENABLE_OBJC_WEAK = YES;
				CLANG_WARN_BLOCK_CAPTURE_AUTORELEASING = YES;
				CLANG_WARN_BOOL_CONVERSION = YES;
				CLANG_WARN_COMMA = YES;
				CLANG_WARN_CONSTANT_CONVERSION = YES;
				CLANG_WARN_DEPRECATED_OBJC_IMPLEMENTATIONS = YES;
				CLANG_WARN_DIRECT_OBJC_ISA_USAGE = YES_ERROR;
				CLANG_WARN_DOCUMENTATION_COMMENTS = YES;
				CLANG_WARN_EMPTY_BODY = YES;
				CLANG_WARN_ENUM_CONVERSION = YES;
				CLANG_WARN_INFINITE_RECURSION = YES;
				CLANG_WARN_INT_CONVERSION = YES;
				CLANG_WARN_NON_LITERAL_NULL_CONVERSION = YES;
				CLANG_WARN_OBJC_IMPLICIT_RETAIN_SELF = YES;
				CLANG_WARN_OBJC_LITERAL_CONVERSION = YES;
				CLANG_WARN_OBJC_ROOT_CLASS = YES_ERROR;
				CLANG_WARN_QUOTED_INCLUDE_IN_FRAMEWORK_HEADER = YES;
				CLANG_WARN_RANGE_LOOP_ANALYSIS = YES;
				CLANG_WARN_STRICT_PROTOTYPES = YES;
				CLANG_WARN_SUSPICIOUS_MOVE = YES;
				CLANG_WARN_UNGUARDED_AVAILABILITY = YES_AGGRESSIVE;
				CLANG_WARN_UNREACHABLE_CODE = YES;
				CLANG_WARN__DUPLICATE_METHOD_MATCH = YES;
				COPY_PHASE_STRIP = NO;
				DEBUG_INFORMATION_FORMAT = dwarf;
				ENABLE_STRICT_OBJC_MSGSEND = YES;
				ENABLE_TESTABILITY = YES;
				GCC_C_LANGUAGE_STANDARD = gnu11;
				GCC_DYNAMIC_NO_PIC = NO;
				GCC_NO_COMMON_BLOCKS = YES;
				GCC_OPTIMIZATION_LEVEL = 0;
				GCC_PREPROCESSOR_DEFINITIONS = (
					"DEBUG=1",
					"$(inherited)",
				);
				GCC_WARN_64_TO_32_BIT_CONVERSION = YES;
				GCC_WARN_ABOUT_RETURN_TYPE = YES_ERROR;
				GCC_WARN_UNDECLARED_SELECTOR = YES;
				GCC_WARN_UNINITIALIZED_AUTOS = YES_AGGRESSIVE;
				GCC_WARN_UNUSED_FUNCTION = YES;
				GCC_WARN_UNUSED_VARIABLE = YES;
				IPHONEOS_DEPLOYMENT_TARGET = 15.0;
				MTL_ENABLE_DEBUG_INFO = INCLUDE_SOURCE;
				MTL_FAST_MATH = YES;
				ONLY_ACTIVE_ARCH = YES;
				SDKROOT = iphoneos;
				SWIFT_ACTIVE_COMPILATION_CONDITIONS = DEBUG;
				SWIFT_OPTIMIZATION_LEVEL = "-Onone";
			};
			name = Debug;
		};
		3EE8C57D271A0AA800DFBB7E /* Release */ = {
			isa = XCBuildConfiguration;
			buildSettings = {
				ALWAYS_SEARCH_USER_PATHS = NO;
				CLANG_ANALYZER_NONNULL = YES;
				CLANG_ANALYZER_NUMBER_OBJECT_CONVERSION = YES_AGGRESSIVE;
				CLANG_CXX_LANGUAGE_STANDARD = "gnu++17";
				CLANG_CXX_LIBRARY = "libc++";
				CLANG_ENABLE_MODULES = YES;
				CLANG_ENABLE_OBJC_ARC = YES;
				CLANG_ENABLE_OBJC_WEAK = YES;
				CLANG_WARN_BLOCK_CAPTURE_AUTORELEASING = YES;
				CLANG_WARN_BOOL_CONVERSION = YES;
				CLANG_WARN_COMMA = YES;
				CLANG_WARN_CONSTANT_CONVERSION = YES;
				CLANG_WARN_DEPRECATED_OBJC_IMPLEMENTATIONS = YES;
				CLANG_WARN_DIRECT_OBJC_ISA_USAGE = YES_ERROR;
				CLANG_WARN_DOCUMENTATION_COMMENTS = YES;
				CLANG_WARN_EMPTY_BODY = YES;
				CLANG_WARN_ENUM_CONVERSION = YES;
				CLANG_WARN_INFINITE_RECURSION = YES;
				CLANG_WARN_INT_CONVERSION = YES;
				CLANG_WARN_NON_LITERAL_NULL_CONVERSION = YES;
				CLANG_WARN_OBJC_IMPLICIT_RETAIN_SELF = YES;
				CLANG_WARN_OBJC_LITERAL_CONVERSION = YES;
				CLANG_WARN_OBJC_ROOT_CLASS = YES_ERROR;
				CLANG_WARN_QUOTED_INCLUDE_IN_FRAMEWORK_HEADER = YES;
				CLANG_WARN_RANGE_LOOP_ANALYSIS = YES;
				CLANG_WARN_STRICT_PROTOTYPES = YES;
				CLANG_WARN_SUSPICIOUS_MOVE = YES;
				CLANG_WARN_UNGUARDED_AVAILABILITY = YES_AGGRESSIVE;
				CLANG_WARN_UNREACHABLE_CODE = YES;
				CLANG_WARN__DUPLICATE_METHOD_MATCH = YES;
				COPY_PHASE_STRIP = NO;
				DEBUG_INFORMATION_FORMAT = "dwarf-with-dsym";
				ENABLE_NS_ASSERTIONS = NO;
				ENABLE_STRICT_OBJC_MSGSEND = YES;
				GCC_C_LANGUAGE_STANDARD = gnu11;
				GCC_NO_COMMON_BLOCKS = YES;
				GCC_WARN_64_TO_32_BIT_CONVERSION = YES;
				GCC_WARN_ABOUT_RETURN_TYPE = YES_ERROR;
				GCC_WARN_UNDECLARED_SELECTOR = YES;
				GCC_WARN_UNINITIALIZED_AUTOS = YES_AGGRESSIVE;
				GCC_WARN_UNUSED_FUNCTION = YES;
				GCC_WARN_UNUSED_VARIABLE = YES;
				IPHONEOS_DEPLOYMENT_TARGET = 15.0;
				MTL_ENABLE_DEBUG_INFO = NO;
				MTL_FAST_MATH = YES;
				SDKROOT = iphoneos;
				SWIFT_COMPILATION_MODE = wholemodule;
				SWIFT_OPTIMIZATION_LEVEL = "-O";
				VALIDATE_PRODUCT = YES;
			};
			name = Release;
		};
		3EE8C57F271A0AA800DFBB7E /* Debug */ = {
			isa = XCBuildConfiguration;
			buildSettings = {
				ASSETCATALOG_COMPILER_APPICON_NAME = AppIcon;
				ASSETCATALOG_COMPILER_GLOBAL_ACCENT_COLOR_NAME = AccentColor;
				CODE_SIGN_STYLE = Automatic;
				CURRENT_PROJECT_VERSION = 1;
				DEVELOPMENT_ASSET_PATHS = "\"UIBuildingTesting/Preview Content\"";
				DEVELOPMENT_TEAM = 4349JC4AHG;
				ENABLE_PREVIEWS = YES;
				GENERATE_INFOPLIST_FILE = YES;
				INFOPLIST_KEY_UIApplicationSceneManifest_Generation = YES;
				INFOPLIST_KEY_UIApplicationSupportsIndirectInputEvents = YES;
				INFOPLIST_KEY_UILaunchScreen_Generation = YES;
				INFOPLIST_KEY_UISupportedInterfaceOrientations_iPad = "UIInterfaceOrientationPortrait UIInterfaceOrientationPortraitUpsideDown UIInterfaceOrientationLandscapeLeft UIInterfaceOrientationLandscapeRight";
				INFOPLIST_KEY_UISupportedInterfaceOrientations_iPhone = "UIInterfaceOrientationPortrait UIInterfaceOrientationLandscapeLeft UIInterfaceOrientationLandscapeRight";
				IPHONEOS_DEPLOYMENT_TARGET = 14.0;
				LD_RUNPATH_SEARCH_PATHS = (
					"$(inherited)",
					"@executable_path/Frameworks",
				);
				MARKETING_VERSION = 1.0;
				PRODUCT_BUNDLE_IDENTIFIER = com.imethansmith.UIBuildingTesting;
				PRODUCT_NAME = "$(TARGET_NAME)";
				SWIFT_EMIT_LOC_STRINGS = YES;
				SWIFT_VERSION = 5.0;
				TARGETED_DEVICE_FAMILY = "1,2";
			};
			name = Debug;
		};
		3EE8C580271A0AA800DFBB7E /* Release */ = {
			isa = XCBuildConfiguration;
			buildSettings = {
				ASSETCATALOG_COMPILER_APPICON_NAME = AppIcon;
				ASSETCATALOG_COMPILER_GLOBAL_ACCENT_COLOR_NAME = AccentColor;
				CODE_SIGN_STYLE = Automatic;
				CURRENT_PROJECT_VERSION = 1;
				DEVELOPMENT_ASSET_PATHS = "\"UIBuildingTesting/Preview Content\"";
				DEVELOPMENT_TEAM = 4349JC4AHG;
				ENABLE_PREVIEWS = YES;
				GENERATE_INFOPLIST_FILE = YES;
				INFOPLIST_KEY_UIApplicationSceneManifest_Generation = YES;
				INFOPLIST_KEY_UIApplicationSupportsIndirectInputEvents = YES;
				INFOPLIST_KEY_UILaunchScreen_Generation = YES;
				INFOPLIST_KEY_UISupportedInterfaceOrientations_iPad = "UIInterfaceOrientationPortrait UIInterfaceOrientationPortraitUpsideDown UIInterfaceOrientationLandscapeLeft UIInterfaceOrientationLandscapeRight";
				INFOPLIST_KEY_UISupportedInterfaceOrientations_iPhone = "UIInterfaceOrientationPortrait UIInterfaceOrientationLandscapeLeft UIInterfaceOrientationLandscapeRight";
				IPHONEOS_DEPLOYMENT_TARGET = 14.0;
				LD_RUNPATH_SEARCH_PATHS = (
					"$(inherited)",
					"@executable_path/Frameworks",
				);
				MARKETING_VERSION = 1.0;
				PRODUCT_BUNDLE_IDENTIFIER = com.imethansmith.UIBuildingTesting;
				PRODUCT_NAME = "$(TARGET_NAME)";
				SWIFT_EMIT_LOC_STRINGS = YES;
				SWIFT_VERSION = 5.0;
				TARGETED_DEVICE_FAMILY = "1,2";
			};
			name = Release;
		};
/* End XCBuildConfiguration section */

/* Begin XCConfigurationList section */
		3EE8C56B271A0AA300DFBB7E /* Build configuration list for PBXProject "UIBuildingTesting" */ = {
			isa = XCConfigurationList;
			buildConfigurations = (
				3EE8C57C271A0AA800DFBB7E /* Debug */,
				3EE8C57D271A0AA800DFBB7E /* Release */,
			);
			defaultConfigurationIsVisible = 0;
			defaultConfigurationName = Release;
		};
		3EE8C57E271A0AA800DFBB7E /* Build configuration list for PBXNativeTarget "UIBuildingTesting" */ = {
			isa = XCConfigurationList;
			buildConfigurations = (
				3EE8C57F271A0AA800DFBB7E /* Debug */,
				3EE8C580271A0AA800DFBB7E /* Release */,
			);
			defaultConfigurationIsVisible = 0;
			defaultConfigurationName = Release;
		};
/* End XCConfigurationList section */
	};
	rootObject = 3EE8C568271A0AA300DFBB7E /* Project object */;
}
